
Microsoft Visual Studio Solution File, Format Version 12.00
# Visual Studio 15
VisualStudioVersion = 15.0.28307.329
MinimumVisualStudioVersion = 10.0.40219.1
Project("{FAE04EC0-301F-11D3-BF4B-00C04F79EFBC}") = "discobot", "discobot\discobot.csproj", "{4E125C49-01D2-4F7F-84E9-C97047433C81}"
EndProject
Global
	GlobalSection(SolutionConfigurationPlatforms) = preSolution
		Debug|Any CPU = Debug|Any CPU
		Release|Any CPU = Release|Any CPU
	EndGlobalSection
	GlobalSection(ProjectConfigurationPlatforms) = postSolution
		{4E125C49-01D2-4F7F-84E9-C97047433C81}.Debug|Any CPU.ActiveCfg = Debug|Any CPU
		{4E125C49-01D2-4F7F-84E9-C97047433C81}.Debug|Any CPU.Build.0 = Debug|Any CPU
		{4E125C49-01D2-4F7F-84E9-C97047433C81}.Release|Any CPU.ActiveCfg = Release|Any CPU
		{4E125C49-01D2-4F7F-84E9-C97047433C81}.Release|Any CPU.Build.0 = Release|Any CPU
	EndGlobalSection
	GlobalSection(SolutionProperties) = preSolution
		HideSolutionNode = FALSE
	EndGlobalSection
	GlobalSection(ExtensibilityGlobals) = postSolution
		SolutionGuid = {2FA6E7CF-912B-407B-B2C6-D2A73314656C}
	EndGlobalSection
EndGlobal
